// !$*UTF8*$!
{
	archiveVersion = 1;
	classes = {
	};
	objectVersion = 55;
	objects = {

/* Begin PBXBuildFile section */
		DD9840D42889F1A000C5C5FF /* NathanCardApp.swift in Sources */ = {isa = PBXBuildFile; fileRef = DD9840D32889F1A000C5C5FF /* NathanCardApp.swift */; };
		DD9840D62889F1A000C5C5FF /* ContentView.swift in Sources */ = {isa = PBXBuildFile; fileRef = DD9840D52889F1A000C5C5FF /* ContentView.swift */; };
		DD9840D82889F1A300C5C5FF /* Assets.xcassets in Resources */ = {isa = PBXBuildFile; fileRef = DD9840D72889F1A300C5C5FF /* Assets.xcassets */; };
		DD9840DB2889F1A300C5C5FF /* Preview Assets.xcassets in Resources */ = {isa = PBXBuildFile; fileRef = DD9840DA2889F1A300C5C5FF /* Preview Assets.xcassets */; };
		DDAD42E82889FBCE0008DDE0 /* CormorantSC-Bold.ttf in Resources */ = {isa = PBXBuildFile; fileRef = DDAD42E72889FB1A0008DDE0 /* CormorantSC-Bold.ttf */; };
		DDFD8D93288A5AFA004B29B9 /* nerd.png in Resources */ = {isa = PBXBuildFile; fileRef = DDFD8D92288A5AFA004B29B9 /* nerd.png */; };
		DDFD8D95288A5F7E004B29B9 /* InfoView.swift in Sources */ = {isa = PBXBuildFile; fileRef = DDFD8D94288A5F7E004B29B9 /* InfoView.swift */; };
/* End PBXBuildFile section */

/* Begin PBXFileReference section */
		DD9840D02889F1A000C5C5FF /* NathanCard.app */ = {isa = PBXFileReference; explicitFileType = wrapper.application; includeInIndex = 0; path = NathanCard.app; sourceTree = BUILT_PRODUCTS_DIR; };
		DD9840D32889F1A000C5C5FF /* NathanCardApp.swift */ = {isa = PBXFileReference; lastKnownFileType = sourcecode.swift; path = NathanCardApp.swift; sourceTree = "<group>"; };
		DD9840D52889F1A000C5C5FF /* ContentView.swift */ = {isa = PBXFileReference; lastKnownFileType = sourcecode.swift; path = ContentView.swift; sourceTree = "<group>"; };
		DD9840D72889F1A300C5C5FF /* Assets.xcassets */ = {isa = PBXFileReference; lastKnownFileType = folder.assetcatalog; path = Assets.xcassets; sourceTree = "<group>"; };
		DD9840DA2889F1A300C5C5FF /* Preview Assets.xcassets */ = {isa = PBXFileReference; lastKnownFileType = folder.assetcatalog; path = "Preview Assets.xcassets"; sourceTree = "<group>"; };
		DDAD42E52889F7320008DDE0 /* Info.plist */ = {isa = PBXFileReference; lastKnownFileType = text.plist; path = Info.plist; sourceTree = "<group>"; };
		DDAD42E72889FB1A0008DDE0 /* CormorantSC-Bold.ttf */ = {isa = PBXFileReference; lastKnownFileType = file; path = "CormorantSC-Bold.ttf"; sourceTree = "<group>"; };
		DDFD8D92288A5AFA004B29B9 /* nerd.png */ = {isa = PBXFileReference; lastKnownFileType = image.png; path = nerd.png; sourceTree = "<group>"; };
		DDFD8D94288A5F7E004B29B9 /* InfoView.swift */ = {isa = PBXFileReference; lastKnownFileType = sourcecode.swift; path = InfoView.swift; sourceTree = "<group>"; };
/* End PBXFileReference section */

/* Begin PBXFrameworksBuildPhase section */
		DD9840CD2889F1A000C5C5FF /* Frameworks */ = {
			isa = PBXFrameworksBuildPhase;
			buildActionMask = 2147483647;
			files = (
			);
			runOnlyForDeploymentPostprocessing = 0;
		};
/* End PBXFrameworksBuildPhase section */

/* Begin PBXGroup section */
		DD9840C72889F1A000C5C5FF = {
			isa = PBXGroup;
			children = (
				DD9840D22889F1A000C5C5FF /* NathanCard */,
				DD9840D12889F1A000C5C5FF /* Products */,
			);
			sourceTree = "<group>";
		};
		DD9840D12889F1A000C5C5FF /* Products */ = {
			isa = PBXGroup;
			children = (
				DD9840D02889F1A000C5C5FF /* NathanCard.app */,
			);
			name = Products;
			sourceTree = "<group>";
		};
		DD9840D22889F1A000C5C5FF /* NathanCard */ = {
			isa = PBXGroup;
			children = (
				DDAD42E52889F7320008DDE0 /* Info.plist */,
				DD9840E12889F3C700C5C5FF /* fonts */,
				DD9840D32889F1A000C5C5FF /* NathanCardApp.swift */,
				DD9840D52889F1A000C5C5FF /* ContentView.swift */,
				DDFD8D94288A5F7E004B29B9 /* InfoView.swift */,
				DD9840D72889F1A300C5C5FF /* Assets.xcassets */,
				DD9840D92889F1A300C5C5FF /* Preview Content */,
			);
			path = NathanCard;
			sourceTree = "<group>";
		};
		DD9840D92889F1A300C5C5FF /* Preview Content */ = {
			isa = PBXGroup;
			children = (
				DDFD8D92288A5AFA004B29B9 /* nerd.png */,
				DD9840DA2889F1A300C5C5FF /* Preview Assets.xcassets */,
			);
			path = "Preview Content";
			sourceTree = "<group>";
		};
		DD9840E12889F3C700C5C5FF /* fonts */ = {
			isa = PBXGroup;
			children = (
				DDAD42E72889FB1A0008DDE0 /* CormorantSC-Bold.ttf */,
			);
			path = fonts;
			sourceTree = "<group>";
		};
/* End PBXGroup section */

/* Begin PBXNativeTarget section */
		DD9840CF2889F1A000C5C5FF /* NathanCard */ = {
			isa = PBXNativeTarget;
			buildConfigurationList = DD9840DE2889F1A300C5C5FF /* Build configuration list for PBXNativeTarget "NathanCard" */;
			buildPhases = (
				DD9840CC2889F1A000C5C5FF /* Sources */,
				DD9840CD2889F1A000C5C5FF /* Frameworks */,
				DD9840CE2889F1A000C5C5FF /* Resources */,
			);
			buildRules = (
			);
			dependencies = (
			);
			name = NathanCard;
			productName = NathanCard;
			productReference = DD9840D02889F1A000C5C5FF /* NathanCard.app */;
			productType = "com.apple.product-type.application";
		};
/* End PBXNativeTarget section */

/* Begin PBXProject section */
		DD9840C82889F1A000C5C5FF /* Project object */ = {
			isa = PBXProject;
			attributes = {
				BuildIndependentTargetsInParallel = 1;
				LastSwiftUpdateCheck = 1340;
				LastUpgradeCheck = 1340;
				TargetAttributes = {
					DD9840CF2889F1A000C5C5FF = {
						CreatedOnToolsVersion = 13.4.1;
					};
				};
			};
			buildConfigurationList = DD9840CB2889F1A000C5C5FF /* Build configuration list for PBXProject "NathanCard" */;
			compatibilityVersion = "Xcode 13.0";
			developmentRegion = en;
			hasScannedForEncodings = 0;
			knownRegions = (
				en,
				Base,
			);
			mainGroup = DD9840C72889F1A000C5C5FF;
			productRefGroup = DD9840D12889F1A000C5C5FF /* Products */;
			projectDirPath = "";
			projectRoot = "";
			targets = (
				DD9840CF2889F1A000C5C5FF /* NathanCard */,
			);
		};
/* End PBXProject section */

/* Begin PBXResourcesBuildPhase section */
		DD9840CE2889F1A000C5C5FF /* Resources */ = {
			isa = PBXResourcesBuildPhase;
			buildActionMask = 2147483647;
			files = (
				DDFD8D93288A5AFA004B29B9 /* nerd.png in Resources */,
				DDAD42E82889FBCE0008DDE0 /* CormorantSC-Bold.ttf in Resources */,
				DD9840DB2889F1A300C5C5FF /* Preview Assets.xcassets in Resources */,
				DD9840D82889F1A300C5C5FF /* Assets.xcassets in Resources */,
			);
			runOnlyForDeploymentPostprocessing = 0;
		};
/* End PBXResourcesBuildPhase section */

/* Begin PBXSourcesBuildPhase section */
		DD9840CC2889F1A000C5C5FF /* Sources */ = {
			isa = PBXSourcesBuildPhase;
			buildActionMask = 2147483647;
			files = (
				DD9840D62889F1A000C5C5FF /* ContentView.swift in Sources */,
				DDFD8D95288A5F7E004B29B9 /* InfoView.swift in Sources */,
				DD9840D42889F1A000C5C5FF /* NathanCardApp.swift in Sources */,
			);
			runOnlyForDeploymentPostprocessing = 0;
		};
/* End PBXSourcesBuildPhase section */

/* Begin XCBuildConfiguration section */
		DD9840DC2889F1A300C5C5FF /* Debug */ = {
			isa = XCBuildConfiguration;
			buildSettings = {
				ALWAYS_SEARCH_USER_PATHS = NO;
				CLANG_ANALYZER_NONNULL = YES;
				CLANG_ANALYZER_NUMBER_OBJECT_CONVERSION = YES_AGGRESSIVE;
				CLANG_CXX_LANGUAGE_STANDARD = "gnu++17";
				CLANG_ENABLE_MODULES = YES;
				CLANG_ENABLE_OBJC_ARC = YES;
				CLANG_ENABLE_OBJC_WEAK = YES;
				CLANG_WARN_BLOCK_CAPTURE_AUTORELEASING = YES;
				CLANG_WARN_BOOL_CONVERSION = YES;
				CLANG_WARN_COMMA = YES;
				CLANG_WARN_CONSTANT_CONVERSION = YES;
				CLANG_WARN_DEPRECATED_OBJC_IMPLEMENTATIONS = YES;
				CLANG_WARN_DIRECT_OBJC_ISA_USAGE = YES_ERROR;
				CLANG_WARN_DOCUMENTATION_COMMENTS = YES;
				CLANG_WARN_EMPTY_BODY = YES;
				CLANG_WARN_ENUM_CONVERSION = YES;
				CLANG_WARN_INFINITE_RECURSION = YES;
				CLANG_WARN_INT_CONVERSION = YES;
				CLANG_WARN_NON_LITERAL_NULL_CONVERSION = YES;
				CLANG_WARN_OBJC_IMPLICIT_RETAIN_SELF = YES;
				CLANG_WARN_OBJC_LITERAL_CONVERSION = YES;
				CLANG_WARN_OBJC_ROOT_CLASS = YES_ERROR;
				CLANG_WARN_QUOTED_INCLUDE_IN_FRAMEWORK_HEADER = YES;
				CLANG_WARN_RANGE_LOOP_ANALYSIS = YES;
				CLANG_WARN_STRICT_PROTOTYPES = YES;
				CLANG_WARN_SUSPICIOUS_MOVE = YES;
				CLANG_WARN_UNGUARDED_AVAILABILITY = YES_AGGRESSIVE;
				CLANG_WARN_UNREACHABLE_CODE = YES;
				CLANG_WARN__DUPLICATE_METHOD_MATCH = YES;
				COPY_PHASE_STRIP = NO;
				DEBUG_INFORMATION_FORMAT = dwarf;
				ENABLE_STRICT_OBJC_MSGSEND = YES;
				ENABLE_TESTABILITY = YES;
				GCC_C_LANGUAGE_STANDARD = gnu11;
				GCC_DYNAMIC_NO_PIC = NO;
				GCC_NO_COMMON_BLOCKS = YES;
				GCC_OPTIMIZATION_LEVEL = 0;
				GCC_PREPROCESSOR_DEFINITIONS = (
					"DEBUG=1",
					"$(inherited)",
				);
				GCC_WARN_64_TO_32_BIT_CONVERSION = YES;
				GCC_WARN_ABOUT_RETURN_TYPE = YES_ERROR;
				GCC_WARN_UNDECLARED_SELECTOR = YES;
				GCC_WARN_UNINITIALIZED_AUTOS = YES_AGGRESSIVE;
				GCC_WARN_UNUSED_FUNCTION = YES;
				GCC_WARN_UNUSED_VARIABLE = YES;
				IPHONEOS_DEPLOYMENT_TARGET = 15.5;
				MTL_ENABLE_DEBUG_INFO = INCLUDE_SOURCE;
				MTL_FAST_MATH = YES;
				ONLY_ACTIVE_ARCH = YES;
				SDKROOT = iphoneos;
				SWIFT_ACTIVE_COMPILATION_CONDITIONS = DEBUG;
				SWIFT_OPTIMIZATION_LEVEL = "-Onone";
			};
			name = Debug;
		};
		DD9840DD2889F1A300C5C5FF /* Release */ = {
			isa = XCBuildConfiguration;
			buildSettings = {
				ALWAYS_SEARCH_USER_PATHS = NO;
				CLANG_ANALYZER_NONNULL = YES;
				CLANG_ANALYZER_NUMBER_OBJECT_CONVERSION = YES_AGGRESSIVE;
				CLANG_CXX_LANGUAGE_STANDARD = "gnu++17";
				CLANG_ENABLE_MODULES = YES;
				CLANG_ENABLE_OBJC_ARC = YES;
				CLANG_ENABLE_OBJC_WEAK = YES;
				CLANG_WARN_BLOCK_CAPTURE_AUTORELEASING = YES;
				CLANG_WARN_BOOL_CONVERSION = YES;
				CLANG_WARN_COMMA = YES;
				CLANG_WARN_CONSTANT_CONVERSION = YES;
				CLANG_WARN_DEPRECATED_OBJC_IMPLEMENTATIONS = YES;
				CLANG_WARN_DIRECT_OBJC_ISA_USAGE = YES_ERROR;
				CLANG_WARN_DOCUMENTATION_COMMENTS = YES;
				CLANG_WARN_EMPTY_BODY = YES;
				CLANG_WARN_ENUM_CONVERSION = YES;
				CLANG_WARN_INFINITE_RECURSION = YES;
				CLANG_WARN_INT_CONVERSION = YES;
				CLANG_WARN_NON_LITERAL_NULL_CONVERSION = YES;
				CLANG_WARN_OBJC_IMPLICIT_RETAIN_SELF = YES;
				CLANG_WARN_OBJC_LITERAL_CONVERSION = YES;
				CLANG_WARN_OBJC_ROOT_CLASS = YES_ERROR;
				CLANG_WARN_QUOTED_INCLUDE_IN_FRAMEWORK_HEADER = YES;
				CLANG_WARN_RANGE_LOOP_ANALYSIS = YES;
				CLANG_WARN_STRICT_PROTOTYPES = YES;
				CLANG_WARN_SUSPICIOUS_MOVE = YES;
				CLANG_WARN_UNGUARDED_AVAILABILITY = YES_AGGRESSIVE;
				CLANG_WARN_UNREACHABLE_CODE = YES;
				CLANG_WARN__DUPLICATE_METHOD_MATCH = YES;
				COPY_PHASE_STRIP = NO;
				DEBUG_INFORMATION_FORMAT = "dwarf-with-dsym";
				ENABLE_NS_ASSERTIONS = NO;
				ENABLE_STRICT_OBJC_MSGSEND = YES;
				GCC_C_LANGUAGE_STANDARD = gnu11;
				GCC_NO_COMMON_BLOCKS = YES;
				GCC_WARN_64_TO_32_BIT_CONVERSION = YES;
				GCC_WARN_ABOUT_RETURN_TYPE = YES_ERROR;
				GCC_WARN_UNDECLARED_SELECTOR = YES;
				GCC_WARN_UNINITIALIZED_AUTOS = YES_AGGRESSIVE;
				GCC_WARN_UNUSED_FUNCTION = YES;
				GCC_WARN_UNUSED_VARIABLE = YES;
				IPHONEOS_DEPLOYMENT_TARGET = 15.5;
				MTL_ENABLE_DEBUG_INFO = NO;
				MTL_FAST_MATH = YES;
				SDKROOT = iphoneos;
				SWIFT_COMPILATION_MODE = wholemodule;
				SWIFT_OPTIMIZATION_LEVEL = "-O";
				VALIDATE_PRODUCT = YES;
			};
			name = Release;
		};
		DD9840DF2889F1A300C5C5FF /* Debug */ = {
			isa = XCBuildConfiguration;
			buildSettings = {
				ASSETCATALOG_COMPILER_APPICON_NAME = AppIcon;
				ASSETCATALOG_COMPILER_GLOBAL_ACCENT_COLOR_NAME = AccentColor;
				CODE_SIGN_STYLE = Automatic;
				CURRENT_PROJECT_VERSION = 1;
				DEVELOPMENT_ASSET_PATHS = "\"NathanCard/Preview Content\"";
				DEVELOPMENT_TEAM = MRC62ZN759;
				ENABLE_PREVIEWS = YES;
				GENERATE_INFOPLIST_FILE = YES;
				INFOPLIST_FILE = NathanCard/Info.plist;
				INFOPLIST_KEY_UIApplicationSceneManifest_Generation = YES;
				INFOPLIST_KEY_UIApplicationSupportsIndirectInputEvents = YES;
				INFOPLIST_KEY_UILaunchScreen_Generation = YES;
				INFOPLIST_KEY_UISupportedInterfaceOrientations = UIInterfaceOrientationPortrait;
				INFOPLIST_KEY_UISupportedInterfaceOrientations_iPad = "UIInterfaceOrientationPortrait UIInterfaceOrientationPortraitUpsideDown UIInterfaceOrientationLandscapeLeft UIInterfaceOrientationLandscapeRight";
				INFOPLIST_KEY_UISupportedInterfaceOrientations_iPhone = "UIInterfaceOrientationPortrait UIInterfaceOrientationLandscapeLeft UIInterfaceOrientationLandscapeRight";
				LD_RUNPATH_SEARCH_PATHS = (
					"$(inherited)",
					"@executable_path/Frameworks",
				);
				MARKETING_VERSION = 1.0;
				PRODUCT_BUNDLE_IDENTIFIER = com.nathan.NathanCard;
				PRODUCT_NAME = "$(TARGET_NAME)";
				SWIFT_EMIT_LOC_STRINGS = YES;
				SWIFT_VERSION = 5.0;
				TARGETED_DEVICE_FAMILY = 1;
			};
			name = Debug;
		};
		DD9840E02889F1A300C5C5FF /* Release */ = {
			isa = XCBuildConfiguration;
			buildSettings = {
				ASSETCATALOG_COMPILER_APPICON_NAME = AppIcon;
				ASSETCATALOG_COMPILER_GLOBAL_ACCENT_COLOR_NAME = AccentColor;
				CODE_SIGN_STYLE = Automatic;
				CURRENT_PROJECT_VERSION = 1;
				DEVELOPMENT_ASSET_PATHS = "\"NathanCard/Preview Content\"";
				DEVELOPMENT_TEAM = MRC62ZN759;
				ENABLE_PREVIEWS = YES;
				GENERATE_INFOPLIST_FILE = YES;
				INFOPLIST_FILE = NathanCard/Info.plist;
				INFOPLIST_KEY_UIApplicationSceneManifest_Generation = YES;
				INFOPLIST_KEY_UIApplicationSupportsIndirectInputEvents = YES;
				INFOPLIST_KEY_UILaunchScreen_Generation = YES;
				INFOPLIST_KEY_UISupportedInterfaceOrientations = UIInterfaceOrientationPortrait;
				INFOPLIST_KEY_UISupportedInterfaceOrientations_iPad = "UIInterfaceOrientationPortrait UIInterfaceOrientationPortraitUpsideDown UIInterfaceOrientationLandscapeLeft UIInterfaceOrientationLandscapeRight";
				INFOPLIST_KEY_UISupportedInterfaceOrientations_iPhone = "UIInterfaceOrientationPortrait UIInterfaceOrientationLandscapeLeft UIInterfaceOrientationLandscapeRight";
				LD_RUNPATH_SEARCH_PATHS = (
					"$(inherited)",
					"@executable_path/Frameworks",
				);
				MARKETING_VERSION = 1.0;
				PRODUCT_BUNDLE_IDENTIFIER = com.nathan.NathanCard;
				PRODUCT_NAME = "$(TARGET_NAME)";
				SWIFT_EMIT_LOC_STRINGS = YES;
				SWIFT_VERSION = 5.0;
				TARGETED_DEVICE_FAMILY = 1;
			};
			name = Release;
		};
/* End XCBuildConfiguration section */

/* Begin XCConfigurationList section */
		DD9840CB2889F1A000C5C5FF /* Build configuration list for PBXProject "NathanCard" */ = {
			isa = XCConfigurationList;
			buildConfigurations = (
				DD9840DC2889F1A300C5C5FF /* Debug */,
				DD9840DD2889F1A300C5C5FF /* Release */,
			);
			defaultConfigurationIsVisible = 0;
			defaultConfigurationName = Release;
		};
		DD9840DE2889F1A300C5C5FF /* Build configuration list for PBXNativeTarget "NathanCard" */ = {
			isa = XCConfigurationList;
			buildConfigurations = (
				DD9840DF2889F1A300C5C5FF /* Debug */,
				DD9840E02889F1A300C5C5FF /* Release */,
			);
			defaultConfigurationIsVisible = 0;
			defaultConfigurationName = Release;
		};
/* End XCConfigurationList section */
	};
	rootObject = DD9840C82889F1A000C5C5FF /* Project object */;
}
